
Microsoft Visual Studio Solution File, Format Version 12.00
# Visual Studio Version 16
VisualStudioVersion = 16.0.29102.190
MinimumVisualStudioVersion = 10.0.40219.1
Project("{2150E333-8FDC-42A3-9474-1A3956D46DE8}") = "src", "src", "{AC3ED3E4-201C-4B4E-BDFC-EAF08471F07F}"
EndProject
Project("{2150E333-8FDC-42A3-9474-1A3956D46DE8}") = "test", "test", "{E7C24841-0438-4790-817F-3C881ADB8CA1}"
EndProject
Project("{9A19103F-16F7-4668-BE54-9A1E7A4F7556}") = "Calculadora", "src\Calculadora\Calculadora.csproj", "{20E7535D-4282-4D54-AA1E-6793A73178F6}"
EndProject
Project("{9A19103F-16F7-4668-BE54-9A1E7A4F7556}") = "CalculadoraTeste", "test\CalculadoraTeste\CalculadoraTeste.csproj", "{842603A9-9E3F-4D91-A8B7-DA7868415DAA}"
EndProject
Global
	GlobalSection(SolutionConfigurationPlatforms) = preSolution
		Debug|Any CPU = Debug|Any CPU
		Release|Any CPU = Release|Any CPU
	EndGlobalSection
	GlobalSection(ProjectConfigurationPlatforms) = postSolution
		{20E7535D-4282-4D54-AA1E-6793A73178F6}.Debug|Any CPU.ActiveCfg = Debug|Any CPU
		{20E7535D-4282-4D54-AA1E-6793A73178F6}.Debug|Any CPU.Build.0 = Debug|Any CPU
		{20E7535D-4282-4D54-AA1E-6793A73178F6}.Release|Any CPU.ActiveCfg = Release|Any CPU
		{20E7535D-4282-4D54-AA1E-6793A73178F6}.Release|Any CPU.Build.0 = Release|Any CPU
		{842603A9-9E3F-4D91-A8B7-DA7868415DAA}.Debug|Any CPU.ActiveCfg = Debug|Any CPU
		{842603A9-9E3F-4D91-A8B7-DA7868415DAA}.Debug|Any CPU.Build.0 = Debug|Any CPU
		{842603A9-9E3F-4D91-A8B7-DA7868415DAA}.Release|Any CPU.ActiveCfg = Release|Any CPU
		{842603A9-9E3F-4D91-A8B7-DA7868415DAA}.Release|Any CPU.Build.0 = Release|Any CPU
	EndGlobalSection
	GlobalSection(SolutionProperties) = preSolution
		HideSolutionNode = FALSE
	EndGlobalSection
	GlobalSection(NestedProjects) = preSolution
		{20E7535D-4282-4D54-AA1E-6793A73178F6} = {AC3ED3E4-201C-4B4E-BDFC-EAF08471F07F}
		{842603A9-9E3F-4D91-A8B7-DA7868415DAA} = {E7C24841-0438-4790-817F-3C881ADB8CA1}
	EndGlobalSection
	GlobalSection(ExtensibilityGlobals) = postSolution
		SolutionGuid = {80DB9632-BC3E-44AD-8B0E-8F8D9B606EA0}
	EndGlobalSection
EndGlobal
